PODS:
  - libsamplerate (0.1.9)
  - VoiceAnalyzerRust (0.1.0):
    - libsamplerate (~> 0.1)

DEPENDENCIES:
  - VoiceAnalyzerRust (from `.`)

SPEC REPOS:
  trunk:
    - libsamplerate

EXTERNAL SOURCES:
  VoiceAnalyzerRust:
    :path: "."

SPEC CHECKSUMS:
  libsamplerate: 5fdfc4b8ed8825d3047731642f02fda314efdab5
  VoiceAnalyzerRust: 9fd7b86adcedf61d37cae415ce8f0131e1ba9af3

PODFILE CHECKSUM: a2228d571ee64e9766aff093ff51c6438dc4227a

COCOAPODS: 1.10.2
