PODS:
  - Charts (3.6.0):
    - Charts/Core (= 3.6.0)
  - Charts/Core (3.6.0)
  - VoiceAnalyzerRust (0.1.0)

DEPENDENCIES:
  - Charts (~> 3.6)
  - VoiceAnalyzerRust (from `.`)

SPEC REPOS:
  trunk:
    - Charts

EXTERNAL SOURCES:
  VoiceAnalyzerRust:
    :path: "."

SPEC CHECKSUMS:
  Charts: b1e3a1f5a1c9ba5394438ca3b91bd8c9076310af
  VoiceAnalyzerRust: 663f1d6bf80a5c9b6b14c5414a4ebfbb96bf4ad3

PODFILE CHECKSUM: a33d8855277dd01508225cab1706ed046363e6c9

COCOAPODS: 1.10.1
