// !$*UTF8*$!
{
	archiveVersion = 1;
	classes = {
	};
	objectVersion = 54;
	objects = {

/* Begin PBXBuildFile section */
		C827038B26F12F630035F482 /* VoicePlaybackModel.swift in Sources */ = {isa = PBXBuildFile; fileRef = C827038A26F12F630035F482 /* VoicePlaybackModel.swift */; };
		C827038D26F163D90035F482 /* WaveHeader.swift in Sources */ = {isa = PBXBuildFile; fileRef = C827038C26F163D90035F482 /* WaveHeader.swift */; };
		C82DB1F926A3548600B0A7FE /* VoiceRecordingModel.swift in Sources */ = {isa = PBXBuildFile; fileRef = C82DB1F826A3548600B0A7FE /* VoiceRecordingModel.swift */; };
		C82DB1FB26A357CB00B0A7FE /* AudioSession.swift in Sources */ = {isa = PBXBuildFile; fileRef = C82DB1FA26A357CB00B0A7FE /* AudioSession.swift */; };
		C82DB1FE26A35AC800B0A7FE /* AppEnvironment.swift in Sources */ = {isa = PBXBuildFile; fileRef = C82DB1FD26A35AC800B0A7FE /* AppEnvironment.swift */; };
		C82DB20426A406B500B0A7FE /* Weak.swift in Sources */ = {isa = PBXBuildFile; fileRef = C82DB20326A406B500B0A7FE /* Weak.swift */; };
		C83971DA26E7D785003030DC /* AppFilesystem.swift in Sources */ = {isa = PBXBuildFile; fileRef = C83971D926E7D785003030DC /* AppFilesystem.swift */; };
		C83971E326EA7530003030DC /* GRDB in Frameworks */ = {isa = PBXBuildFile; productRef = C83971E226EA7530003030DC /* GRDB */; };
		C83971E726EA786C003030DC /* DatabaseStorage.swift in Sources */ = {isa = PBXBuildFile; fileRef = C83971E626EA786C003030DC /* DatabaseStorage.swift */; };
		C83971EA26EA9494003030DC /* schema.sql in Resources */ = {isa = PBXBuildFile; fileRef = C83971E926EA9494003030DC /* schema.sql */; };
		C83971ED26EAAEB5003030DC /* Recording.swift in Sources */ = {isa = PBXBuildFile; fileRef = C83971EC26EAAEB5003030DC /* Recording.swift */; };
		C83971F126EAB5E1003030DC /* RecordingsView.swift in Sources */ = {isa = PBXBuildFile; fileRef = C83971F026EAB5E1003030DC /* RecordingsView.swift */; };
		C83971F326EABA24003030DC /* DatabaseQuery.swift in Sources */ = {isa = PBXBuildFile; fileRef = C83971F226EABA24003030DC /* DatabaseQuery.swift */; };
		C849A2A3270CFE9C00EA3180 /* VoicePlaybackSlider.swift in Sources */ = {isa = PBXBuildFile; fileRef = C849A2A2270CFE9C00EA3180 /* VoicePlaybackSlider.swift */; };
		C8635779271A13DC005CE037 /* VoiceRecorderModel.swift in Sources */ = {isa = PBXBuildFile; fileRef = C8635778271A13DC005CE037 /* VoiceRecorderModel.swift */; };
		C864B3EB26DEE03600E5E0D3 /* AppPreferences.swift in Sources */ = {isa = PBXBuildFile; fileRef = C864B3EA26DEE03600E5E0D3 /* AppPreferences.swift */; };
		C866033727164E6C0062DC36 /* Settings.bundle in Resources */ = {isa = PBXBuildFile; fileRef = C866033627164E6C0062DC36 /* Settings.bundle */; };
		C867A2EA270798AB00FD79BD /* AnalysisFrame.swift in Sources */ = {isa = PBXBuildFile; fileRef = C867A2E9270798AB00FD79BD /* AnalysisFrame.swift */; };
		C867A2EC27079E6B00FD79BD /* Analysis.swift in Sources */ = {isa = PBXBuildFile; fileRef = C867A2EB27079E6B00FD79BD /* Analysis.swift */; };
		C867A2EE2707B26800FD79BD /* RecordingPitchChart.swift in Sources */ = {isa = PBXBuildFile; fileRef = C867A2ED2707B26800FD79BD /* RecordingPitchChart.swift */; };
		C881ABFD266BFF7C006F83D4 /* VoiceAnalyzerApp.swift in Sources */ = {isa = PBXBuildFile; fileRef = C881ABFC266BFF7C006F83D4 /* VoiceAnalyzerApp.swift */; };
		C881ABFF266BFF7C006F83D4 /* ChartView.swift in Sources */ = {isa = PBXBuildFile; fileRef = C881ABFE266BFF7C006F83D4 /* ChartView.swift */; };
		C881AC01266BFF7E006F83D4 /* Assets.xcassets in Resources */ = {isa = PBXBuildFile; fileRef = C881AC00266BFF7E006F83D4 /* Assets.xcassets */; };
		C896D43E27189C0100813EB0 /* PitchUtilities.swift in Sources */ = {isa = PBXBuildFile; fileRef = C896D43D27189C0100813EB0 /* PitchUtilities.swift */; };
		C89EA3EF271D04970063DFB0 /* ActivityView.swift in Sources */ = {isa = PBXBuildFile; fileRef = C89EA3EE271D04970063DFB0 /* ActivityView.swift */; };
		C8D67BDD26DBF8A200DBAB13 /* PreferencesView.swift in Sources */ = {isa = PBXBuildFile; fileRef = C8D67BDC26DBF8A200DBAB13 /* PreferencesView.swift */; };
		C8D986BD266DAEAF00228FB3 /* PitchChart.swift in Sources */ = {isa = PBXBuildFile; fileRef = C8D986BC266DAEAF00228FB3 /* PitchChart.swift */; };
		C8DD7B1926EB11D000BFF562 /* AppView.swift in Sources */ = {isa = PBXBuildFile; fileRef = C8DD7B1826EB11D000BFF562 /* AppView.swift */; };
		C8DD7B1B26EB18CF00BFF562 /* DatabaseQueryObserver.swift in Sources */ = {isa = PBXBuildFile; fileRef = C8DD7B1A26EB18CF00BFF562 /* DatabaseQueryObserver.swift */; };
		C8DD7B1D26EE970000BFF562 /* Comparable.swift in Sources */ = {isa = PBXBuildFile; fileRef = C8DD7B1C26EE970000BFF562 /* Comparable.swift */; };
		C8E68C6126E2880F003662A9 /* Charts in Frameworks */ = {isa = PBXBuildFile; productRef = C8E68C6026E2880F003662A9 /* Charts */; };
		C8E68C6B26E28B98003662A9 /* Lib.swift in Sources */ = {isa = PBXBuildFile; fileRef = C8E68C6726E28B98003662A9 /* Lib.swift */; };
		C8E68C7226E2FBC5003662A9 /* LivePitchChart.swift in Sources */ = {isa = PBXBuildFile; fileRef = C8E68C7126E2FBC5003662A9 /* LivePitchChart.swift */; };
		E9B9E3CBFD19816FDE13CDCE /* Pods_VoiceAnalyzer.framework in Frameworks */ = {isa = PBXBuildFile; fileRef = 1D501EB47E636FA8CDFB83C1 /* Pods_VoiceAnalyzer.framework */; };
/* End PBXBuildFile section */

/* Begin PBXFileReference section */
		1D501EB47E636FA8CDFB83C1 /* Pods_VoiceAnalyzer.framework */ = {isa = PBXFileReference; explicitFileType = wrapper.framework; includeInIndex = 0; path = Pods_VoiceAnalyzer.framework; sourceTree = BUILT_PRODUCTS_DIR; };
		2DB5491B3C3C7451EB7AC00C /* Pods-VoiceAnalyzer.app store release.xcconfig */ = {isa = PBXFileReference; includeInIndex = 1; lastKnownFileType = text.xcconfig; name = "Pods-VoiceAnalyzer.app store release.xcconfig"; path = "Target Support Files/Pods-VoiceAnalyzer/Pods-VoiceAnalyzer.app store release.xcconfig"; sourceTree = "<group>"; };
		43B928FDA7E004FEDE0DF263 /* Pods-VoiceAnalyzer.debug.xcconfig */ = {isa = PBXFileReference; includeInIndex = 1; lastKnownFileType = text.xcconfig; name = "Pods-VoiceAnalyzer.debug.xcconfig"; path = "Target Support Files/Pods-VoiceAnalyzer/Pods-VoiceAnalyzer.debug.xcconfig"; sourceTree = "<group>"; };
		80CFACE811717D4A1EB4DF59 /* Pods-VoiceAnalyzer.testable release.xcconfig */ = {isa = PBXFileReference; includeInIndex = 1; lastKnownFileType = text.xcconfig; name = "Pods-VoiceAnalyzer.testable release.xcconfig"; path = "Target Support Files/Pods-VoiceAnalyzer/Pods-VoiceAnalyzer.testable release.xcconfig"; sourceTree = "<group>"; };
		C827038A26F12F630035F482 /* VoicePlaybackModel.swift */ = {isa = PBXFileReference; lastKnownFileType = sourcecode.swift; path = VoicePlaybackModel.swift; sourceTree = "<group>"; };
		C827038C26F163D90035F482 /* WaveHeader.swift */ = {isa = PBXFileReference; lastKnownFileType = sourcecode.swift; path = WaveHeader.swift; sourceTree = "<group>"; };
		C82DB1F826A3548600B0A7FE /* VoiceRecordingModel.swift */ = {isa = PBXFileReference; lastKnownFileType = sourcecode.swift; path = VoiceRecordingModel.swift; sourceTree = "<group>"; };
		C82DB1FA26A357CB00B0A7FE /* AudioSession.swift */ = {isa = PBXFileReference; lastKnownFileType = sourcecode.swift; path = AudioSession.swift; sourceTree = "<group>"; };
		C82DB1FD26A35AC800B0A7FE /* AppEnvironment.swift */ = {isa = PBXFileReference; lastKnownFileType = sourcecode.swift; path = AppEnvironment.swift; sourceTree = "<group>"; };
		C82DB20326A406B500B0A7FE /* Weak.swift */ = {isa = PBXFileReference; lastKnownFileType = sourcecode.swift; path = Weak.swift; sourceTree = "<group>"; };
		C83971D926E7D785003030DC /* AppFilesystem.swift */ = {isa = PBXFileReference; lastKnownFileType = sourcecode.swift; path = AppFilesystem.swift; sourceTree = "<group>"; };
		C83971E626EA786C003030DC /* DatabaseStorage.swift */ = {isa = PBXFileReference; lastKnownFileType = sourcecode.swift; path = DatabaseStorage.swift; sourceTree = "<group>"; };
		C83971E926EA9494003030DC /* schema.sql */ = {isa = PBXFileReference; lastKnownFileType = text; path = schema.sql; sourceTree = "<group>"; };
		C83971EC26EAAEB5003030DC /* Recording.swift */ = {isa = PBXFileReference; lastKnownFileType = sourcecode.swift; path = Recording.swift; sourceTree = "<group>"; };
		C83971F026EAB5E1003030DC /* RecordingsView.swift */ = {isa = PBXFileReference; lastKnownFileType = sourcecode.swift; path = RecordingsView.swift; sourceTree = "<group>"; };
		C83971F226EABA24003030DC /* DatabaseQuery.swift */ = {isa = PBXFileReference; lastKnownFileType = sourcecode.swift; path = DatabaseQuery.swift; sourceTree = "<group>"; };
		C849A2A2270CFE9C00EA3180 /* VoicePlaybackSlider.swift */ = {isa = PBXFileReference; lastKnownFileType = sourcecode.swift; path = VoicePlaybackSlider.swift; sourceTree = "<group>"; };
		C8635778271A13DC005CE037 /* VoiceRecorderModel.swift */ = {isa = PBXFileReference; lastKnownFileType = sourcecode.swift; path = VoiceRecorderModel.swift; sourceTree = "<group>"; };
		C864B3EA26DEE03600E5E0D3 /* AppPreferences.swift */ = {isa = PBXFileReference; lastKnownFileType = sourcecode.swift; path = AppPreferences.swift; sourceTree = "<group>"; };
		C866033627164E6C0062DC36 /* Settings.bundle */ = {isa = PBXFileReference; lastKnownFileType = "wrapper.plug-in"; path = Settings.bundle; sourceTree = "<group>"; };
		C867A2E9270798AB00FD79BD /* AnalysisFrame.swift */ = {isa = PBXFileReference; lastKnownFileType = sourcecode.swift; path = AnalysisFrame.swift; sourceTree = "<group>"; };
		C867A2EB27079E6B00FD79BD /* Analysis.swift */ = {isa = PBXFileReference; lastKnownFileType = sourcecode.swift; path = Analysis.swift; sourceTree = "<group>"; };
		C867A2ED2707B26800FD79BD /* RecordingPitchChart.swift */ = {isa = PBXFileReference; lastKnownFileType = sourcecode.swift; path = RecordingPitchChart.swift; sourceTree = "<group>"; };
		C881ABF9266BFF7C006F83D4 /* VoiceAnalyzer.app */ = {isa = PBXFileReference; explicitFileType = wrapper.application; includeInIndex = 0; path = VoiceAnalyzer.app; sourceTree = BUILT_PRODUCTS_DIR; };
		C881ABFC266BFF7C006F83D4 /* VoiceAnalyzerApp.swift */ = {isa = PBXFileReference; lastKnownFileType = sourcecode.swift; path = VoiceAnalyzerApp.swift; sourceTree = "<group>"; };
		C881ABFE266BFF7C006F83D4 /* ChartView.swift */ = {isa = PBXFileReference; lastKnownFileType = sourcecode.swift; path = ChartView.swift; sourceTree = "<group>"; };
		C881AC00266BFF7E006F83D4 /* Assets.xcassets */ = {isa = PBXFileReference; lastKnownFileType = folder.assetcatalog; path = Assets.xcassets; sourceTree = "<group>"; };
		C881AC05266BFF7E006F83D4 /* Info.plist */ = {isa = PBXFileReference; lastKnownFileType = text.plist.xml; path = Info.plist; sourceTree = "<group>"; };
		C896D43D27189C0100813EB0 /* PitchUtilities.swift */ = {isa = PBXFileReference; lastKnownFileType = sourcecode.swift; path = PitchUtilities.swift; sourceTree = "<group>"; };
		C89EA3EE271D04970063DFB0 /* ActivityView.swift */ = {isa = PBXFileReference; lastKnownFileType = sourcecode.swift; path = ActivityView.swift; sourceTree = "<group>"; };
		C8D67BDC26DBF8A200DBAB13 /* PreferencesView.swift */ = {isa = PBXFileReference; lastKnownFileType = sourcecode.swift; path = PreferencesView.swift; sourceTree = "<group>"; };
		C8D986BC266DAEAF00228FB3 /* PitchChart.swift */ = {isa = PBXFileReference; lastKnownFileType = sourcecode.swift; path = PitchChart.swift; sourceTree = "<group>"; };
		C8DD7B1826EB11D000BFF562 /* AppView.swift */ = {isa = PBXFileReference; lastKnownFileType = sourcecode.swift; path = AppView.swift; sourceTree = "<group>"; };
		C8DD7B1A26EB18CF00BFF562 /* DatabaseQueryObserver.swift */ = {isa = PBXFileReference; lastKnownFileType = sourcecode.swift; path = DatabaseQueryObserver.swift; sourceTree = "<group>"; };
		C8DD7B1C26EE970000BFF562 /* Comparable.swift */ = {isa = PBXFileReference; lastKnownFileType = sourcecode.swift; path = Comparable.swift; sourceTree = "<group>"; };
		C8E68C6726E28B98003662A9 /* Lib.swift */ = {isa = PBXFileReference; fileEncoding = 4; lastKnownFileType = sourcecode.swift; path = Lib.swift; sourceTree = "<group>"; };
		C8E68C6926E28B98003662A9 /* module.modulemap */ = {isa = PBXFileReference; fileEncoding = 4; lastKnownFileType = "sourcecode.module-map"; path = module.modulemap; sourceTree = "<group>"; };
		C8E68C6A26E28B98003662A9 /* voice-analyzer-rust.h */ = {isa = PBXFileReference; fileEncoding = 4; lastKnownFileType = sourcecode.c.h; path = "voice-analyzer-rust.h"; sourceTree = "<group>"; };
		C8E68C7126E2FBC5003662A9 /* LivePitchChart.swift */ = {isa = PBXFileReference; lastKnownFileType = sourcecode.swift; path = LivePitchChart.swift; sourceTree = "<group>"; };
/* End PBXFileReference section */

/* Begin PBXFrameworksBuildPhase section */
		C881ABF6266BFF7C006F83D4 /* Frameworks */ = {
			isa = PBXFrameworksBuildPhase;
			buildActionMask = 2147483647;
			files = (
				C83971E326EA7530003030DC /* GRDB in Frameworks */,
				E9B9E3CBFD19816FDE13CDCE /* Pods_VoiceAnalyzer.framework in Frameworks */,
				C8E68C6126E2880F003662A9 /* Charts in Frameworks */,
			);
			runOnlyForDeploymentPostprocessing = 0;
		};
/* End PBXFrameworksBuildPhase section */

/* Begin PBXGroup section */
		C67DA38172209A7BDEE0971E /* Pods */ = {
			isa = PBXGroup;
			children = (
				43B928FDA7E004FEDE0DF263 /* Pods-VoiceAnalyzer.debug.xcconfig */,
				2DB5491B3C3C7451EB7AC00C /* Pods-VoiceAnalyzer.app store release.xcconfig */,
				80CFACE811717D4A1EB4DF59 /* Pods-VoiceAnalyzer.testable release.xcconfig */,
			);
			path = Pods;
			sourceTree = "<group>";
		};
		C82DB1F726A3545000B0A7FE /* Models */ = {
			isa = PBXGroup;
			children = (
				C82DB1F826A3548600B0A7FE /* VoiceRecordingModel.swift */,
				C83971F226EABA24003030DC /* DatabaseQuery.swift */,
				C827038A26F12F630035F482 /* VoicePlaybackModel.swift */,
				C8635778271A13DC005CE037 /* VoiceRecorderModel.swift */,
			);
			path = Models;
			sourceTree = "<group>";
		};
		C82DB1FC26A3580500B0A7FE /* Environment */ = {
			isa = PBXGroup;
			children = (
				C82DB1FA26A357CB00B0A7FE /* AudioSession.swift */,
				C82DB1FD26A35AC800B0A7FE /* AppEnvironment.swift */,
				C864B3EA26DEE03600E5E0D3 /* AppPreferences.swift */,
			);
			path = Environment;
			sourceTree = "<group>";
		};
		C82DB20226A406A200B0A7FE /* Utilities */ = {
			isa = PBXGroup;
			children = (
				C82DB20326A406B500B0A7FE /* Weak.swift */,
				C83971D926E7D785003030DC /* AppFilesystem.swift */,
				C8DD7B1C26EE970000BFF562 /* Comparable.swift */,
				C827038C26F163D90035F482 /* WaveHeader.swift */,
				C896D43D27189C0100813EB0 /* PitchUtilities.swift */,
			);
			path = Utilities;
			sourceTree = "<group>";
		};
		C83971E426EA764E003030DC /* Storage */ = {
			isa = PBXGroup;
			children = (
				C83971E526EA7653003030DC /* Database */,
			);
			path = Storage;
			sourceTree = "<group>";
		};
		C83971E526EA7653003030DC /* Database */ = {
			isa = PBXGroup;
			children = (
				C83971EB26EAAE9E003030DC /* Records */,
				C83971E626EA786C003030DC /* DatabaseStorage.swift */,
				C8DD7B1A26EB18CF00BFF562 /* DatabaseQueryObserver.swift */,
			);
			path = Database;
			sourceTree = "<group>";
		};
		C83971E826EA947C003030DC /* res */ = {
			isa = PBXGroup;
			children = (
				C83971E926EA9494003030DC /* schema.sql */,
				C866033627164E6C0062DC36 /* Settings.bundle */,
			);
			path = res;
			sourceTree = "<group>";
		};
		C83971EB26EAAE9E003030DC /* Records */ = {
			isa = PBXGroup;
			children = (
				C83971EC26EAAEB5003030DC /* Recording.swift */,
				C867A2E9270798AB00FD79BD /* AnalysisFrame.swift */,
				C867A2EB27079E6B00FD79BD /* Analysis.swift */,
			);
			path = Records;
			sourceTree = "<group>";
		};
		C849A2A1270CFE8100EA3180 /* Controls */ = {
			isa = PBXGroup;
			children = (
				C849A2A2270CFE9C00EA3180 /* VoicePlaybackSlider.swift */,
			);
			path = Controls;
			sourceTree = "<group>";
		};
		C881ABF0266BFF7C006F83D4 = {
			isa = PBXGroup;
			children = (
				C881ABFB266BFF7C006F83D4 /* VoiceAnalyzer */,
				C881ABFA266BFF7C006F83D4 /* Products */,
				C67DA38172209A7BDEE0971E /* Pods */,
				FEB935C82801FE7747CE5DBA /* Frameworks */,
			);
			sourceTree = "<group>";
		};
		C881ABFA266BFF7C006F83D4 /* Products */ = {
			isa = PBXGroup;
			children = (
				C881ABF9266BFF7C006F83D4 /* VoiceAnalyzer.app */,
			);
			name = Products;
			sourceTree = "<group>";
		};
		C881ABFB266BFF7C006F83D4 /* VoiceAnalyzer */ = {
			isa = PBXGroup;
			children = (
				C83971E826EA947C003030DC /* res */,
				C8D986B8266CCBE300228FB3 /* src */,
				C881AC00266BFF7E006F83D4 /* Assets.xcassets */,
				C881AC05266BFF7E006F83D4 /* Info.plist */,
			);
			path = VoiceAnalyzer;
			sourceTree = "<group>";
		};
		C8D986B8266CCBE300228FB3 /* src */ = {
			isa = PBXGroup;
			children = (
				C83971E426EA764E003030DC /* Storage */,
				C8E68C6526E28B98003662A9 /* FFI */,
				C82DB20226A406A200B0A7FE /* Utilities */,
				C82DB1FC26A3580500B0A7FE /* Environment */,
				C8D986BA266CDCD600228FB3 /* UI */,
				C881ABFC266BFF7C006F83D4 /* VoiceAnalyzerApp.swift */,
			);
			path = src;
			sourceTree = "<group>";
		};
		C8D986B9266CD0DE00228FB3 /* Views */ = {
			isa = PBXGroup;
			children = (
				C849A2A1270CFE8100EA3180 /* Controls */,
				C8D986BB266DAE9300228FB3 /* Charts */,
				C881ABFE266BFF7C006F83D4 /* ChartView.swift */,
				C8D67BDC26DBF8A200DBAB13 /* PreferencesView.swift */,
				C8E68C7126E2FBC5003662A9 /* LivePitchChart.swift */,
				C83971F026EAB5E1003030DC /* RecordingsView.swift */,
				C8DD7B1826EB11D000BFF562 /* AppView.swift */,
				C867A2ED2707B26800FD79BD /* RecordingPitchChart.swift */,
				C89EA3EE271D04970063DFB0 /* ActivityView.swift */,
			);
			path = Views;
			sourceTree = "<group>";
		};
		C8D986BA266CDCD600228FB3 /* UI */ = {
			isa = PBXGroup;
			children = (
				C82DB1F726A3545000B0A7FE /* Models */,
				C8D986B9266CD0DE00228FB3 /* Views */,
			);
			path = UI;
			sourceTree = "<group>";
		};
		C8D986BB266DAE9300228FB3 /* Charts */ = {
			isa = PBXGroup;
			children = (
				C8D986BC266DAEAF00228FB3 /* PitchChart.swift */,
			);
			path = Charts;
			sourceTree = "<group>";
		};
		C8E68C6526E28B98003662A9 /* FFI */ = {
			isa = PBXGroup;
			children = (
				C8E68C6626E28B98003662A9 /* Rust */,
			);
			path = FFI;
			sourceTree = "<group>";
		};
		C8E68C6626E28B98003662A9 /* Rust */ = {
			isa = PBXGroup;
			children = (
				C8E68C6726E28B98003662A9 /* Lib.swift */,
				C8E68C6826E28B98003662A9 /* libvoice_analyzer_rust */,
			);
			path = Rust;
			sourceTree = "<group>";
		};
		C8E68C6826E28B98003662A9 /* libvoice_analyzer_rust */ = {
			isa = PBXGroup;
			children = (
				C8E68C6926E28B98003662A9 /* module.modulemap */,
				C8E68C6A26E28B98003662A9 /* voice-analyzer-rust.h */,
			);
			path = libvoice_analyzer_rust;
			sourceTree = "<group>";
		};
		FEB935C82801FE7747CE5DBA /* Frameworks */ = {
			isa = PBXGroup;
			children = (
				1D501EB47E636FA8CDFB83C1 /* Pods_VoiceAnalyzer.framework */,
			);
			name = Frameworks;
			sourceTree = "<group>";
		};
/* End PBXGroup section */

/* Begin PBXNativeTarget section */
		C881ABF8266BFF7C006F83D4 /* VoiceAnalyzer */ = {
			isa = PBXNativeTarget;
			buildConfigurationList = C881AC1E266BFF7E006F83D4 /* Build configuration list for PBXNativeTarget "VoiceAnalyzer" */;
			buildPhases = (
				D45CDEC581F24DA4E639400A /* [CP] Check Pods Manifest.lock */,
				C8E68C6E26E29064003662A9 /* Compile Rust Sources */,
				C881ABF5266BFF7C006F83D4 /* Sources */,
				C881ABF6266BFF7C006F83D4 /* Frameworks */,
				C8AB13432716C0DA008B8A51 /* Compile Acknowledgements */,
				C881ABF7266BFF7C006F83D4 /* Resources */,
				49B55EAF9458A01415F05C89 /* [CP] Embed Pods Frameworks */,
			);
			buildRules = (
			);
			dependencies = (
			);
			name = VoiceAnalyzer;
			packageProductDependencies = (
				C8E68C6026E2880F003662A9 /* Charts */,
				C83971E226EA7530003030DC /* GRDB */,
			);
			productName = VoiceAnalyzer;
			productReference = C881ABF9266BFF7C006F83D4 /* VoiceAnalyzer.app */;
			productType = "com.apple.product-type.application";
		};
/* End PBXNativeTarget section */

/* Begin PBXProject section */
		C881ABF1266BFF7C006F83D4 /* Project object */ = {
			isa = PBXProject;
			attributes = {
				BuildIndependentTargetsInParallel = YES;
				LastSwiftUpdateCheck = 1250;
				LastUpgradeCheck = 1250;
				TargetAttributes = {
					C881ABF8266BFF7C006F83D4 = {
						CreatedOnToolsVersion = 12.5;
					};
				};
			};
			buildConfigurationList = C881ABF4266BFF7C006F83D4 /* Build configuration list for PBXProject "VoiceAnalyzer" */;
			compatibilityVersion = "Xcode 9.3";
			developmentRegion = en;
			hasScannedForEncodings = 0;
			knownRegions = (
				en,
				Base,
			);
			mainGroup = C881ABF0266BFF7C006F83D4;
			packageReferences = (
				C8E68C5F26E2880F003662A9 /* XCRemoteSwiftPackageReference "Charts.git" */,
				C83971E126EA7530003030DC /* XCRemoteSwiftPackageReference "GRDB.swift.git" */,
			);
			productRefGroup = C881ABFA266BFF7C006F83D4 /* Products */;
			projectDirPath = "";
			projectRoot = "";
			targets = (
				C881ABF8266BFF7C006F83D4 /* VoiceAnalyzer */,
			);
		};
/* End PBXProject section */

/* Begin PBXResourcesBuildPhase section */
		C881ABF7266BFF7C006F83D4 /* Resources */ = {
			isa = PBXResourcesBuildPhase;
			buildActionMask = 2147483647;
			files = (
				C881AC01266BFF7E006F83D4 /* Assets.xcassets in Resources */,
				C866033727164E6C0062DC36 /* Settings.bundle in Resources */,
				C83971EA26EA9494003030DC /* schema.sql in Resources */,
			);
			runOnlyForDeploymentPostprocessing = 0;
		};
/* End PBXResourcesBuildPhase section */

/* Begin PBXShellScriptBuildPhase section */
		49B55EAF9458A01415F05C89 /* [CP] Embed Pods Frameworks */ = {
			isa = PBXShellScriptBuildPhase;
			buildActionMask = 2147483647;
			files = (
			);
			inputFileListPaths = (
				"${PODS_ROOT}/Target Support Files/Pods-VoiceAnalyzer/Pods-VoiceAnalyzer-frameworks-${CONFIGURATION}-input-files.xcfilelist",
			);
			name = "[CP] Embed Pods Frameworks";
			outputFileListPaths = (
				"${PODS_ROOT}/Target Support Files/Pods-VoiceAnalyzer/Pods-VoiceAnalyzer-frameworks-${CONFIGURATION}-output-files.xcfilelist",
			);
			runOnlyForDeploymentPostprocessing = 0;
			shellPath = /bin/sh;
			shellScript = "\"${PODS_ROOT}/Target Support Files/Pods-VoiceAnalyzer/Pods-VoiceAnalyzer-frameworks.sh\"\n";
			showEnvVarsInLog = 0;
		};
		C8AB13432716C0DA008B8A51 /* Compile Acknowledgements */ = {
			isa = PBXShellScriptBuildPhase;
			alwaysOutOfDate = 1;
			buildActionMask = 2147483647;
			files = (
			);
			inputFileListPaths = (
			);
			inputPaths = (
			);
			name = "Compile Acknowledgements";
			outputFileListPaths = (
			);
			outputPaths = (
			);
			runOnlyForDeploymentPostprocessing = 0;
			shellPath = /bin/sh;
			shellScript = "PATH=\"/bin:/usr/bin:$PATH:/opt/homebrew/bin\" make acknowledgements CARGO=\"${CARGO:-$HOME/.cargo/bin/cargo}\"\n";
		};
		C8E68C6E26E29064003662A9 /* Compile Rust Sources */ = {
			isa = PBXShellScriptBuildPhase;
			alwaysOutOfDate = 1;
			buildActionMask = 2147483647;
			files = (
			);
			inputFileListPaths = (
			);
			inputPaths = (
			);
			name = "Compile Rust Sources";
			outputFileListPaths = (
			);
			outputPaths = (
			);
			runOnlyForDeploymentPostprocessing = 0;
			shellPath = /bin/sh;
			shellScript = "PATH=\"/bin:/usr/bin:$PATH\" make rust-build CARGO=\"${CARGO:-$HOME/.cargo/bin/cargo}\"\n";
		};
		D45CDEC581F24DA4E639400A /* [CP] Check Pods Manifest.lock */ = {
			isa = PBXShellScriptBuildPhase;
			buildActionMask = 2147483647;
			files = (
			);
			inputFileListPaths = (
			);
			inputPaths = (
				"${PODS_PODFILE_DIR_PATH}/Podfile.lock",
				"${PODS_ROOT}/Manifest.lock",
			);
			name = "[CP] Check Pods Manifest.lock";
			outputFileListPaths = (
			);
			outputPaths = (
				"$(DERIVED_FILE_DIR)/Pods-VoiceAnalyzer-checkManifestLockResult.txt",
			);
			runOnlyForDeploymentPostprocessing = 0;
			shellPath = /bin/sh;
			shellScript = "diff \"${PODS_PODFILE_DIR_PATH}/Podfile.lock\" \"${PODS_ROOT}/Manifest.lock\" > /dev/null\nif [ $? != 0 ] ; then\n    # print error to STDERR\n    echo \"error: The sandbox is not in sync with the Podfile.lock. Run 'pod install' or update your CocoaPods installation.\" >&2\n    exit 1\nfi\n# This output is used by Xcode 'outputs' to avoid re-running this script phase.\necho \"SUCCESS\" > \"${SCRIPT_OUTPUT_FILE_0}\"\n";
			showEnvVarsInLog = 0;
		};
/* End PBXShellScriptBuildPhase section */

/* Begin PBXSourcesBuildPhase section */
		C881ABF5266BFF7C006F83D4 /* Sources */ = {
			isa = PBXSourcesBuildPhase;
			buildActionMask = 2147483647;
			files = (
				C82DB1FB26A357CB00B0A7FE /* AudioSession.swift in Sources */,
				C8635779271A13DC005CE037 /* VoiceRecorderModel.swift in Sources */,
				C867A2EA270798AB00FD79BD /* AnalysisFrame.swift in Sources */,
				C827038B26F12F630035F482 /* VoicePlaybackModel.swift in Sources */,
				C82DB1FE26A35AC800B0A7FE /* AppEnvironment.swift in Sources */,
				C82DB1F926A3548600B0A7FE /* VoiceRecordingModel.swift in Sources */,
				C8E68C6B26E28B98003662A9 /* Lib.swift in Sources */,
				C849A2A3270CFE9C00EA3180 /* VoicePlaybackSlider.swift in Sources */,
				C881ABFF266BFF7C006F83D4 /* ChartView.swift in Sources */,
				C83971F126EAB5E1003030DC /* RecordingsView.swift in Sources */,
				C83971ED26EAAEB5003030DC /* Recording.swift in Sources */,
				C8D986BD266DAEAF00228FB3 /* PitchChart.swift in Sources */,
				C827038D26F163D90035F482 /* WaveHeader.swift in Sources */,
				C8D67BDD26DBF8A200DBAB13 /* PreferencesView.swift in Sources */,
				C83971F326EABA24003030DC /* DatabaseQuery.swift in Sources */,
				C881ABFD266BFF7C006F83D4 /* VoiceAnalyzerApp.swift in Sources */,
				C83971DA26E7D785003030DC /* AppFilesystem.swift in Sources */,
				C82DB20426A406B500B0A7FE /* Weak.swift in Sources */,
				C896D43E27189C0100813EB0 /* PitchUtilities.swift in Sources */,
				C8DD7B1D26EE970000BFF562 /* Comparable.swift in Sources */,
				C8DD7B1B26EB18CF00BFF562 /* DatabaseQueryObserver.swift in Sources */,
				C8DD7B1926EB11D000BFF562 /* AppView.swift in Sources */,
				C867A2EC27079E6B00FD79BD /* Analysis.swift in Sources */,
				C8E68C7226E2FBC5003662A9 /* LivePitchChart.swift in Sources */,
				C867A2EE2707B26800FD79BD /* RecordingPitchChart.swift in Sources */,
				C89EA3EF271D04970063DFB0 /* ActivityView.swift in Sources */,
				C83971E726EA786C003030DC /* DatabaseStorage.swift in Sources */,
				C864B3EB26DEE03600E5E0D3 /* AppPreferences.swift in Sources */,
			);
			runOnlyForDeploymentPostprocessing = 0;
		};
/* End PBXSourcesBuildPhase section */

/* Begin XCBuildConfiguration section */
		C85A790B271F8C24007A6594 /* Testable Release */ = {
			isa = XCBuildConfiguration;
			buildSettings = {
				ALWAYS_SEARCH_USER_PATHS = NO;
				CLANG_ANALYZER_LOCALIZABILITY_NONLOCALIZED = YES;
				CLANG_ANALYZER_NONNULL = YES;
				CLANG_ANALYZER_NUMBER_OBJECT_CONVERSION = YES_AGGRESSIVE;
				CLANG_CXX_LANGUAGE_STANDARD = "gnu++14";
				CLANG_CXX_LIBRARY = "libc++";
				CLANG_ENABLE_MODULES = YES;
				CLANG_ENABLE_OBJC_ARC = YES;
				CLANG_ENABLE_OBJC_WEAK = YES;
				CLANG_WARN_BLOCK_CAPTURE_AUTORELEASING = YES;
				CLANG_WARN_COMMA = YES;
				CLANG_WARN_CONSTANT_CONVERSION = YES;
				CLANG_WARN_DEPRECATED_OBJC_IMPLEMENTATIONS = YES;
				CLANG_WARN_DIRECT_OBJC_ISA_USAGE = YES_ERROR;
				CLANG_WARN_EMPTY_BODY = YES;
				CLANG_WARN_ENUM_CONVERSION = YES;
				CLANG_WARN_IMPLICIT_SIGN_CONVERSION = YES;
				CLANG_WARN_INFINITE_RECURSION = YES;
				CLANG_WARN_INT_CONVERSION = YES;
				CLANG_WARN_OBJC_IMPLICIT_RETAIN_SELF = YES;
				CLANG_WARN_OBJC_ROOT_CLASS = YES_ERROR;
				CLANG_WARN_RANGE_LOOP_ANALYSIS = YES;
				CLANG_WARN_SEMICOLON_BEFORE_METHOD_BODY = YES;
				CLANG_WARN_STRICT_PROTOTYPES = YES;
				CLANG_WARN_SUSPICIOUS_IMPLICIT_CONVERSION = YES;
				CLANG_WARN_SUSPICIOUS_MOVE = YES;
				CLANG_WARN_UNGUARDED_AVAILABILITY = YES_AGGRESSIVE;
				CLANG_WARN_UNREACHABLE_CODE = YES;
				CLANG_WARN__DUPLICATE_METHOD_MATCH = YES;
				COPY_PHASE_STRIP = NO;
				DEBUG_INFORMATION_FORMAT = "dwarf-with-dsym";
				ENABLE_NS_ASSERTIONS = YES;
				ENABLE_STRICT_OBJC_MSGSEND = YES;
				ENABLE_TESTABILITY = YES;
				EXCLUDED_ARCHS = armv7;
				GCC_C_LANGUAGE_STANDARD = gnu11;
				GCC_NO_COMMON_BLOCKS = YES;
				GCC_TREAT_IMPLICIT_FUNCTION_DECLARATIONS_AS_ERRORS = YES;
				GCC_TREAT_INCOMPATIBLE_POINTER_TYPE_WARNINGS_AS_ERRORS = YES;
				GCC_WARN_64_TO_32_BIT_CONVERSION = YES;
				GCC_WARN_ABOUT_MISSING_FIELD_INITIALIZERS = YES;
				GCC_WARN_ABOUT_MISSING_NEWLINE = YES;
				GCC_WARN_ABOUT_MISSING_PROTOTYPES = YES;
				GCC_WARN_ABOUT_RETURN_TYPE = YES_ERROR;
				GCC_WARN_FOUR_CHARACTER_CONSTANTS = YES;
				GCC_WARN_INITIALIZER_NOT_FULLY_BRACKETED = YES;
				GCC_WARN_SHADOW = YES;
				GCC_WARN_SIGN_COMPARE = YES;
				GCC_WARN_STRICT_SELECTOR_MATCH = YES;
				GCC_WARN_UNDECLARED_SELECTOR = YES;
				GCC_WARN_UNINITIALIZED_AUTOS = YES_AGGRESSIVE;
				GCC_WARN_UNKNOWN_PRAGMAS = YES;
				GCC_WARN_UNUSED_FUNCTION = YES;
				GCC_WARN_UNUSED_LABEL = YES;
				GCC_WARN_UNUSED_VARIABLE = YES;
				HEADER_SEARCH_PATHS = VoiceAnalyzer/src/FFI/Rust/libvoice_analyzer_rust;
				IPHONEOS_DEPLOYMENT_TARGET = 14.0;
				"LIBRARY_SEARCH_PATHS[sdk=iphoneos*][arch=arm64]" = "target/aarch64-apple-ios/release";
				"LIBRARY_SEARCH_PATHS[sdk=iphoneos*][arch=x86_64]" = "target/x86_64-apple-ios/release";
				"LIBRARY_SEARCH_PATHS[sdk=iphonesimulator*][arch=arm64]" = "target/aarch64-apple-ios-sim/release";
				MTL_ENABLE_DEBUG_INFO = NO;
				MTL_FAST_MATH = YES;
				ONLY_ACTIVE_ARCH = YES;
				SDKROOT = iphoneos;
				SWIFT_COMPILATION_MODE = wholemodule;
				SWIFT_OPTIMIZATION_LEVEL = "-O";
				SWIFT_VERSION = 5.0;
				VALIDATE_PRODUCT = YES;
			};
			name = "Testable Release";
		};
		C85A790C271F8C24007A6594 /* Testable Release */ = {
			isa = XCBuildConfiguration;
			baseConfigurationReference = 80CFACE811717D4A1EB4DF59 /* Pods-VoiceAnalyzer.testable release.xcconfig */;
			buildSettings = {
				ASSETCATALOG_COMPILER_APPICON_NAME = AppIcon;
				ASSETCATALOG_COMPILER_GLOBAL_ACCENT_COLOR_NAME = Primary;
				CLANG_ANALYZER_SECURITY_FLOATLOOPCOUNTER = YES;
				CLANG_ANALYZER_SECURITY_INSECUREAPI_RAND = YES;
				CLANG_ANALYZER_SECURITY_INSECUREAPI_STRCPY = YES;
				CODE_SIGN_IDENTITY = "Apple Development";
				CODE_SIGN_STYLE = Automatic;
				CURRENT_PROJECT_VERSION = 1.0.0.4;
				DEVELOPMENT_TEAM = MNTZKMS8Z9;
				ENABLE_PREVIEWS = YES;
				GCC_OPTIMIZATION_LEVEL = 3;
				GCC_STRICT_ALIASING = NO;
				INFOPLIST_FILE = VoiceAnalyzer/Info.plist;
				LD_RUNPATH_SEARCH_PATHS = (
					"$(inherited)",
					"@executable_path/Frameworks",
				);
				MARKETING_VERSION = 1.0.0;
				PRODUCT_BUNDLE_IDENTIFIER = "org.voice-analyzer.VoiceAnalyzer-iOS";
				PRODUCT_NAME = "$(TARGET_NAME)";
				PROVISIONING_PROFILE_SPECIFIER = "";
				RUN_CLANG_STATIC_ANALYZER = YES;
				SWIFT_VERSION = 5.0;
				TARGETED_DEVICE_FAMILY = "1,2";
			};
			name = "Testable Release";
		};
		C881AC1C266BFF7E006F83D4 /* Debug */ = {
			isa = XCBuildConfiguration;
			buildSettings = {
				ALWAYS_SEARCH_USER_PATHS = NO;
				CLANG_ANALYZER_LOCALIZABILITY_NONLOCALIZED = YES;
				CLANG_ANALYZER_NONNULL = YES;
				CLANG_ANALYZER_NUMBER_OBJECT_CONVERSION = YES_AGGRESSIVE;
				CLANG_CXX_LANGUAGE_STANDARD = "gnu++14";
				CLANG_CXX_LIBRARY = "libc++";
				CLANG_ENABLE_MODULES = YES;
				CLANG_ENABLE_OBJC_ARC = YES;
				CLANG_ENABLE_OBJC_WEAK = YES;
				CLANG_WARN_BLOCK_CAPTURE_AUTORELEASING = YES;
				CLANG_WARN_COMMA = YES;
				CLANG_WARN_CONSTANT_CONVERSION = YES;
				CLANG_WARN_DEPRECATED_OBJC_IMPLEMENTATIONS = YES;
				CLANG_WARN_DIRECT_OBJC_ISA_USAGE = YES_ERROR;
				CLANG_WARN_EMPTY_BODY = YES;
				CLANG_WARN_ENUM_CONVERSION = YES;
				CLANG_WARN_IMPLICIT_SIGN_CONVERSION = YES;
				CLANG_WARN_INFINITE_RECURSION = YES;
				CLANG_WARN_INT_CONVERSION = YES;
				CLANG_WARN_OBJC_IMPLICIT_RETAIN_SELF = YES;
				CLANG_WARN_OBJC_ROOT_CLASS = YES_ERROR;
				CLANG_WARN_RANGE_LOOP_ANALYSIS = YES;
				CLANG_WARN_SEMICOLON_BEFORE_METHOD_BODY = YES;
				CLANG_WARN_STRICT_PROTOTYPES = YES;
				CLANG_WARN_SUSPICIOUS_IMPLICIT_CONVERSION = YES;
				CLANG_WARN_SUSPICIOUS_MOVE = YES;
				CLANG_WARN_UNGUARDED_AVAILABILITY = YES_AGGRESSIVE;
				CLANG_WARN_UNREACHABLE_CODE = YES;
				CLANG_WARN__DUPLICATE_METHOD_MATCH = YES;
				COPY_PHASE_STRIP = NO;
				DEBUG_INFORMATION_FORMAT = dwarf;
				ENABLE_STRICT_OBJC_MSGSEND = YES;
				ENABLE_TESTABILITY = YES;
				EXCLUDED_ARCHS = armv7;
				GCC_C_LANGUAGE_STANDARD = gnu11;
				GCC_DYNAMIC_NO_PIC = NO;
				GCC_NO_COMMON_BLOCKS = YES;
				GCC_OPTIMIZATION_LEVEL = s;
				GCC_PREPROCESSOR_DEFINITIONS = (
					"DEBUG=1",
					"$(inherited)",
				);
				GCC_TREAT_IMPLICIT_FUNCTION_DECLARATIONS_AS_ERRORS = YES;
				GCC_TREAT_INCOMPATIBLE_POINTER_TYPE_WARNINGS_AS_ERRORS = YES;
				GCC_WARN_64_TO_32_BIT_CONVERSION = YES;
				GCC_WARN_ABOUT_MISSING_FIELD_INITIALIZERS = YES;
				GCC_WARN_ABOUT_MISSING_NEWLINE = YES;
				GCC_WARN_ABOUT_MISSING_PROTOTYPES = YES;
				GCC_WARN_ABOUT_RETURN_TYPE = YES_ERROR;
				GCC_WARN_FOUR_CHARACTER_CONSTANTS = YES;
				GCC_WARN_INITIALIZER_NOT_FULLY_BRACKETED = YES;
				GCC_WARN_SHADOW = YES;
				GCC_WARN_SIGN_COMPARE = YES;
				GCC_WARN_STRICT_SELECTOR_MATCH = YES;
				GCC_WARN_UNDECLARED_SELECTOR = YES;
				GCC_WARN_UNINITIALIZED_AUTOS = YES_AGGRESSIVE;
				GCC_WARN_UNKNOWN_PRAGMAS = YES;
				GCC_WARN_UNUSED_FUNCTION = YES;
				GCC_WARN_UNUSED_LABEL = YES;
				GCC_WARN_UNUSED_VARIABLE = YES;
				HEADER_SEARCH_PATHS = VoiceAnalyzer/src/FFI/Rust/libvoice_analyzer_rust;
				IPHONEOS_DEPLOYMENT_TARGET = 14.0;
				"LIBRARY_SEARCH_PATHS[sdk=iphoneos*][arch=arm64]" = "target/aarch64-apple-ios/debug";
				"LIBRARY_SEARCH_PATHS[sdk=iphoneos*][arch=x86_64]" = "target/x86_64-apple-ios/debug";
				"LIBRARY_SEARCH_PATHS[sdk=iphonesimulator*][arch=arm64]" = "target/aarch64-apple-ios-sim/debug";
				MTL_ENABLE_DEBUG_INFO = INCLUDE_SOURCE;
				MTL_FAST_MATH = YES;
				ONLY_ACTIVE_ARCH = YES;
				SDKROOT = iphoneos;
				SWIFT_ACTIVE_COMPILATION_CONDITIONS = DEBUG;
				SWIFT_OPTIMIZATION_LEVEL = "-O";
				SWIFT_VERSION = 5.0;
				VALIDATE_PRODUCT = YES;
			};
			name = Debug;
		};
		C881AC1D266BFF7E006F83D4 /* App Store Release */ = {
			isa = XCBuildConfiguration;
			buildSettings = {
				ALWAYS_SEARCH_USER_PATHS = NO;
				CLANG_ANALYZER_LOCALIZABILITY_NONLOCALIZED = YES;
				CLANG_ANALYZER_NONNULL = YES;
				CLANG_ANALYZER_NUMBER_OBJECT_CONVERSION = YES_AGGRESSIVE;
				CLANG_CXX_LANGUAGE_STANDARD = "gnu++14";
				CLANG_CXX_LIBRARY = "libc++";
				CLANG_ENABLE_MODULES = YES;
				CLANG_ENABLE_OBJC_ARC = YES;
				CLANG_ENABLE_OBJC_WEAK = YES;
				CLANG_WARN_BLOCK_CAPTURE_AUTORELEASING = YES;
				CLANG_WARN_COMMA = YES;
				CLANG_WARN_CONSTANT_CONVERSION = YES;
				CLANG_WARN_DEPRECATED_OBJC_IMPLEMENTATIONS = YES;
				CLANG_WARN_DIRECT_OBJC_ISA_USAGE = YES_ERROR;
				CLANG_WARN_EMPTY_BODY = YES;
				CLANG_WARN_ENUM_CONVERSION = YES;
				CLANG_WARN_IMPLICIT_SIGN_CONVERSION = YES;
				CLANG_WARN_INFINITE_RECURSION = YES;
				CLANG_WARN_INT_CONVERSION = YES;
				CLANG_WARN_OBJC_IMPLICIT_RETAIN_SELF = YES;
				CLANG_WARN_OBJC_ROOT_CLASS = YES_ERROR;
				CLANG_WARN_RANGE_LOOP_ANALYSIS = YES;
				CLANG_WARN_SEMICOLON_BEFORE_METHOD_BODY = YES;
				CLANG_WARN_STRICT_PROTOTYPES = YES;
				CLANG_WARN_SUSPICIOUS_IMPLICIT_CONVERSION = YES;
				CLANG_WARN_SUSPICIOUS_MOVE = YES;
				CLANG_WARN_UNGUARDED_AVAILABILITY = YES_AGGRESSIVE;
				CLANG_WARN_UNREACHABLE_CODE = YES;
				CLANG_WARN__DUPLICATE_METHOD_MATCH = YES;
				COPY_PHASE_STRIP = NO;
				DEBUG_INFORMATION_FORMAT = "dwarf-with-dsym";
				ENABLE_NS_ASSERTIONS = YES;
				ENABLE_STRICT_OBJC_MSGSEND = YES;
				EXCLUDED_ARCHS = armv7;
				GCC_C_LANGUAGE_STANDARD = gnu11;
				GCC_NO_COMMON_BLOCKS = YES;
				GCC_TREAT_IMPLICIT_FUNCTION_DECLARATIONS_AS_ERRORS = YES;
				GCC_TREAT_INCOMPATIBLE_POINTER_TYPE_WARNINGS_AS_ERRORS = YES;
				GCC_WARN_64_TO_32_BIT_CONVERSION = YES;
				GCC_WARN_ABOUT_MISSING_FIELD_INITIALIZERS = YES;
				GCC_WARN_ABOUT_MISSING_NEWLINE = YES;
				GCC_WARN_ABOUT_MISSING_PROTOTYPES = YES;
				GCC_WARN_ABOUT_RETURN_TYPE = YES_ERROR;
				GCC_WARN_FOUR_CHARACTER_CONSTANTS = YES;
				GCC_WARN_INITIALIZER_NOT_FULLY_BRACKETED = YES;
				GCC_WARN_SHADOW = YES;
				GCC_WARN_SIGN_COMPARE = YES;
				GCC_WARN_STRICT_SELECTOR_MATCH = YES;
				GCC_WARN_UNDECLARED_SELECTOR = YES;
				GCC_WARN_UNINITIALIZED_AUTOS = YES_AGGRESSIVE;
				GCC_WARN_UNKNOWN_PRAGMAS = YES;
				GCC_WARN_UNUSED_FUNCTION = YES;
				GCC_WARN_UNUSED_LABEL = YES;
				GCC_WARN_UNUSED_VARIABLE = YES;
				HEADER_SEARCH_PATHS = VoiceAnalyzer/src/FFI/Rust/libvoice_analyzer_rust;
				IPHONEOS_DEPLOYMENT_TARGET = 14.0;
				"LIBRARY_SEARCH_PATHS[sdk=iphoneos*][arch=arm64]" = "target/aarch64-apple-ios/release";
				"LIBRARY_SEARCH_PATHS[sdk=iphoneos*][arch=x86_64]" = "target/x86_64-apple-ios/release";
				"LIBRARY_SEARCH_PATHS[sdk=iphonesimulator*][arch=arm64]" = "target/aarch64-apple-ios-sim/release";
				MTL_ENABLE_DEBUG_INFO = NO;
				MTL_FAST_MATH = YES;
				SDKROOT = iphoneos;
				SWIFT_COMPILATION_MODE = wholemodule;
				SWIFT_OPTIMIZATION_LEVEL = "-O";
				SWIFT_VERSION = 5.0;
				VALIDATE_PRODUCT = YES;
			};
			name = "App Store Release";
		};
		C881AC1F266BFF7E006F83D4 /* Debug */ = {
			isa = XCBuildConfiguration;
			baseConfigurationReference = 43B928FDA7E004FEDE0DF263 /* Pods-VoiceAnalyzer.debug.xcconfig */;
			buildSettings = {
				ASSETCATALOG_COMPILER_APPICON_NAME = AppIcon;
				ASSETCATALOG_COMPILER_GLOBAL_ACCENT_COLOR_NAME = Primary;
				CLANG_ADDRESS_SANITIZER_CONTAINER_OVERFLOW = YES;
				CLANG_ANALYZER_SECURITY_FLOATLOOPCOUNTER = YES;
				CLANG_ANALYZER_SECURITY_INSECUREAPI_RAND = YES;
				CLANG_ANALYZER_SECURITY_INSECUREAPI_STRCPY = YES;
				CLANG_UNDEFINED_BEHAVIOR_SANITIZER_INTEGER = YES;
				CLANG_UNDEFINED_BEHAVIOR_SANITIZER_NULLABILITY = YES;
				CODE_SIGN_IDENTITY = "Apple Development";
				CODE_SIGN_STYLE = Automatic;
				CURRENT_PROJECT_VERSION = 1.0.0.4;
				DEVELOPMENT_TEAM = MNTZKMS8Z9;
				ENABLE_PREVIEWS = YES;
				GCC_OPTIMIZATION_LEVEL = 0;
				GCC_STRICT_ALIASING = NO;
				INFOPLIST_FILE = VoiceAnalyzer/Info.plist;
				LD_RUNPATH_SEARCH_PATHS = (
					"$(inherited)",
					"@executable_path/Frameworks",
				);
				MARKETING_VERSION = 1.0.0;
				PRODUCT_BUNDLE_IDENTIFIER = "org.voice-analyzer.VoiceAnalyzer-iOS";
				PRODUCT_NAME = "$(TARGET_NAME)";
				PROVISIONING_PROFILE_SPECIFIER = "";
				RUN_CLANG_STATIC_ANALYZER = YES;
				SWIFT_OPTIMIZATION_LEVEL = "-Onone";
				SWIFT_VERSION = 5.0;
				TARGETED_DEVICE_FAMILY = "1,2";
			};
			name = Debug;
		};
		C881AC20266BFF7E006F83D4 /* App Store Release */ = {
			isa = XCBuildConfiguration;
			baseConfigurationReference = 2DB5491B3C3C7451EB7AC00C /* Pods-VoiceAnalyzer.app store release.xcconfig */;
			buildSettings = {
				ASSETCATALOG_COMPILER_APPICON_NAME = AppIcon;
				ASSETCATALOG_COMPILER_GLOBAL_ACCENT_COLOR_NAME = Primary;
				CLANG_ANALYZER_SECURITY_FLOATLOOPCOUNTER = YES;
				CLANG_ANALYZER_SECURITY_INSECUREAPI_RAND = YES;
				CLANG_ANALYZER_SECURITY_INSECUREAPI_STRCPY = YES;
				CODE_SIGN_IDENTITY = "iPhone Distribution";
				CODE_SIGN_STYLE = Manual;
				CURRENT_PROJECT_VERSION = 1.0.0.4;
				DEVELOPMENT_TEAM = KP8CN24X7U;
				ENABLE_PREVIEWS = YES;
				GCC_OPTIMIZATION_LEVEL = 3;
				GCC_STRICT_ALIASING = NO;
				INFOPLIST_FILE = VoiceAnalyzer/Info.plist;
				LD_RUNPATH_SEARCH_PATHS = (
					"$(inherited)",
					"@executable_path/Frameworks",
				);
				MARKETING_VERSION = 1.0.0;
				PRODUCT_BUNDLE_IDENTIFIER = "org.privacyresearchgroup.voice-analyzer-ios-app";
				PRODUCT_NAME = "$(TARGET_NAME)";
				PROVISIONING_PROFILE_SPECIFIER = "Voice Analyzer iOS App Store Release";
				RUN_CLANG_STATIC_ANALYZER = YES;
				SWIFT_VERSION = 5.0;
				TARGETED_DEVICE_FAMILY = "1,2";
			};
			name = "App Store Release";
		};
/* End XCBuildConfiguration section */

/* Begin XCConfigurationList section */
		C881ABF4266BFF7C006F83D4 /* Build configuration list for PBXProject "VoiceAnalyzer" */ = {
			isa = XCConfigurationList;
			buildConfigurations = (
				C881AC1C266BFF7E006F83D4 /* Debug */,
				C881AC1D266BFF7E006F83D4 /* App Store Release */,
				C85A790B271F8C24007A6594 /* Testable Release */,
			);
			defaultConfigurationIsVisible = 0;
			defaultConfigurationName = Debug;
		};
		C881AC1E266BFF7E006F83D4 /* Build configuration list for PBXNativeTarget "VoiceAnalyzer" */ = {
			isa = XCConfigurationList;
			buildConfigurations = (
				C881AC1F266BFF7E006F83D4 /* Debug */,
				C881AC20266BFF7E006F83D4 /* App Store Release */,
				C85A790C271F8C24007A6594 /* Testable Release */,
			);
			defaultConfigurationIsVisible = 0;
			defaultConfigurationName = Debug;
		};
/* End XCConfigurationList section */

/* Begin XCRemoteSwiftPackageReference section */
		C83971E126EA7530003030DC /* XCRemoteSwiftPackageReference "GRDB.swift.git" */ = {
			isa = XCRemoteSwiftPackageReference;
			repositoryURL = "https://github.com/groue/GRDB.swift.git";
			requirement = {
				kind = upToNextMajorVersion;
				minimumVersion = 5.11.0;
			};
		};
		C8E68C5F26E2880F003662A9 /* XCRemoteSwiftPackageReference "Charts.git" */ = {
			isa = XCRemoteSwiftPackageReference;
			repositoryURL = "https://github.com/danielgindi/Charts.git";
			requirement = {
				kind = upToNextMajorVersion;
				minimumVersion = 3.0.0;
			};
		};
/* End XCRemoteSwiftPackageReference section */

/* Begin XCSwiftPackageProductDependency section */
		C83971E226EA7530003030DC /* GRDB */ = {
			isa = XCSwiftPackageProductDependency;
			package = C83971E126EA7530003030DC /* XCRemoteSwiftPackageReference "GRDB.swift.git" */;
			productName = GRDB;
		};
		C8E68C6026E2880F003662A9 /* Charts */ = {
			isa = XCSwiftPackageProductDependency;
			package = C8E68C5F26E2880F003662A9 /* XCRemoteSwiftPackageReference "Charts.git" */;
			productName = Charts;
		};
/* End XCSwiftPackageProductDependency section */
	};
	rootObject = C881ABF1266BFF7C006F83D4 /* Project object */;
}
