// !$*UTF8*$!
{
	archiveVersion = 1;
	classes = {
	};
	objectVersion = 53;
	objects = {

/* Begin PBXBuildFile section */
		C881ABFD266BFF7C006F83D4 /* VoiceAnalyzerApp.swift in Sources */ = {isa = PBXBuildFile; fileRef = C881ABFC266BFF7C006F83D4 /* VoiceAnalyzerApp.swift */; };
		C881ABFF266BFF7C006F83D4 /* ContentView.swift in Sources */ = {isa = PBXBuildFile; fileRef = C881ABFE266BFF7C006F83D4 /* ContentView.swift */; };
		C881AC01266BFF7E006F83D4 /* Images.xcassets in Resources */ = {isa = PBXBuildFile; fileRef = C881AC00266BFF7E006F83D4 /* Images.xcassets */; };
		E9B9E3CBFD19816FDE13CDCE /* Pods_VoiceAnalyzer.framework in Frameworks */ = {isa = PBXBuildFile; fileRef = 1D501EB47E636FA8CDFB83C1 /* Pods_VoiceAnalyzer.framework */; };
/* End PBXBuildFile section */

/* Begin PBXFileReference section */
		1D501EB47E636FA8CDFB83C1 /* Pods_VoiceAnalyzer.framework */ = {isa = PBXFileReference; explicitFileType = wrapper.framework; includeInIndex = 0; path = Pods_VoiceAnalyzer.framework; sourceTree = BUILT_PRODUCTS_DIR; };
		2DB5491B3C3C7451EB7AC00C /* Pods-VoiceAnalyzer.app store release.xcconfig */ = {isa = PBXFileReference; includeInIndex = 1; lastKnownFileType = text.xcconfig; name = "Pods-VoiceAnalyzer.app store release.xcconfig"; path = "Target Support Files/Pods-VoiceAnalyzer/Pods-VoiceAnalyzer.app store release.xcconfig"; sourceTree = "<group>"; };
		43B928FDA7E004FEDE0DF263 /* Pods-VoiceAnalyzer.debug.xcconfig */ = {isa = PBXFileReference; includeInIndex = 1; lastKnownFileType = text.xcconfig; name = "Pods-VoiceAnalyzer.debug.xcconfig"; path = "Target Support Files/Pods-VoiceAnalyzer/Pods-VoiceAnalyzer.debug.xcconfig"; sourceTree = "<group>"; };
		C881ABF9266BFF7C006F83D4 /* VoiceAnalyzer.app */ = {isa = PBXFileReference; explicitFileType = wrapper.application; includeInIndex = 0; path = VoiceAnalyzer.app; sourceTree = BUILT_PRODUCTS_DIR; };
		C881ABFC266BFF7C006F83D4 /* VoiceAnalyzerApp.swift */ = {isa = PBXFileReference; lastKnownFileType = sourcecode.swift; path = VoiceAnalyzerApp.swift; sourceTree = "<group>"; };
		C881ABFE266BFF7C006F83D4 /* ContentView.swift */ = {isa = PBXFileReference; lastKnownFileType = sourcecode.swift; path = ContentView.swift; sourceTree = "<group>"; };
		C881AC00266BFF7E006F83D4 /* Images.xcassets */ = {isa = PBXFileReference; lastKnownFileType = folder.assetcatalog; path = Images.xcassets; sourceTree = "<group>"; };
		C881AC05266BFF7E006F83D4 /* Info.plist */ = {isa = PBXFileReference; lastKnownFileType = text.plist.xml; path = Info.plist; sourceTree = "<group>"; };
/* End PBXFileReference section */

/* Begin PBXFrameworksBuildPhase section */
		C881ABF6266BFF7C006F83D4 /* Frameworks */ = {
			isa = PBXFrameworksBuildPhase;
			buildActionMask = 2147483647;
			files = (
				E9B9E3CBFD19816FDE13CDCE /* Pods_VoiceAnalyzer.framework in Frameworks */,
			);
			runOnlyForDeploymentPostprocessing = 0;
		};
/* End PBXFrameworksBuildPhase section */

/* Begin PBXGroup section */
		C67DA38172209A7BDEE0971E /* Pods */ = {
			isa = PBXGroup;
			children = (
				43B928FDA7E004FEDE0DF263 /* Pods-VoiceAnalyzer.debug.xcconfig */,
				2DB5491B3C3C7451EB7AC00C /* Pods-VoiceAnalyzer.app store release.xcconfig */,
			);
			path = Pods;
			sourceTree = "<group>";
		};
		C881ABF0266BFF7C006F83D4 = {
			isa = PBXGroup;
			children = (
				C881ABFB266BFF7C006F83D4 /* VoiceAnalyzer */,
				C881ABFA266BFF7C006F83D4 /* Products */,
				C67DA38172209A7BDEE0971E /* Pods */,
				FEB935C82801FE7747CE5DBA /* Frameworks */,
			);
			sourceTree = "<group>";
		};
		C881ABFA266BFF7C006F83D4 /* Products */ = {
			isa = PBXGroup;
			children = (
				C881ABF9266BFF7C006F83D4 /* VoiceAnalyzer.app */,
			);
			name = Products;
			sourceTree = "<group>";
		};
		C881ABFB266BFF7C006F83D4 /* VoiceAnalyzer */ = {
			isa = PBXGroup;
			children = (
				C8D986B8266CCBE300228FB3 /* src */,
				C881AC00266BFF7E006F83D4 /* Images.xcassets */,
				C881AC05266BFF7E006F83D4 /* Info.plist */,
			);
			path = VoiceAnalyzer;
			sourceTree = "<group>";
		};
		C8D986B8266CCBE300228FB3 /* src */ = {
			isa = PBXGroup;
			children = (
				C8D986BA266CDCD600228FB3 /* UI */,
				C881ABFC266BFF7C006F83D4 /* VoiceAnalyzerApp.swift */,
			);
			path = src;
			sourceTree = "<group>";
		};
		C8D986B9266CD0DE00228FB3 /* Views */ = {
			isa = PBXGroup;
			children = (
				C881ABFE266BFF7C006F83D4 /* ContentView.swift */,
			);
			path = Views;
			sourceTree = "<group>";
		};
		C8D986BA266CDCD600228FB3 /* UI */ = {
			isa = PBXGroup;
			children = (
				C8D986B9266CD0DE00228FB3 /* Views */,
			);
			path = UI;
			sourceTree = "<group>";
		};
		FEB935C82801FE7747CE5DBA /* Frameworks */ = {
			isa = PBXGroup;
			children = (
				1D501EB47E636FA8CDFB83C1 /* Pods_VoiceAnalyzer.framework */,
			);
			name = Frameworks;
			sourceTree = "<group>";
		};
/* End PBXGroup section */

/* Begin PBXNativeTarget section */
		C881ABF8266BFF7C006F83D4 /* VoiceAnalyzer */ = {
			isa = PBXNativeTarget;
			buildConfigurationList = C881AC1E266BFF7E006F83D4 /* Build configuration list for PBXNativeTarget "VoiceAnalyzer" */;
			buildPhases = (
				D45CDEC581F24DA4E639400A /* [CP] Check Pods Manifest.lock */,
				C881ABF5266BFF7C006F83D4 /* Sources */,
				C881ABF6266BFF7C006F83D4 /* Frameworks */,
				C881ABF7266BFF7C006F83D4 /* Resources */,
				49B55EAF9458A01415F05C89 /* [CP] Embed Pods Frameworks */,
			);
			buildRules = (
			);
			dependencies = (
			);
			name = VoiceAnalyzer;
			productName = VoiceAnalyzer;
			productReference = C881ABF9266BFF7C006F83D4 /* VoiceAnalyzer.app */;
			productType = "com.apple.product-type.application";
		};
/* End PBXNativeTarget section */

/* Begin PBXProject section */
		C881ABF1266BFF7C006F83D4 /* Project object */ = {
			isa = PBXProject;
			attributes = {
				BuildIndependentTargetsInParallel = YES;
				LastSwiftUpdateCheck = 1250;
				LastUpgradeCheck = 1250;
				TargetAttributes = {
					C881ABF8266BFF7C006F83D4 = {
						CreatedOnToolsVersion = 12.5;
					};
				};
			};
			buildConfigurationList = C881ABF4266BFF7C006F83D4 /* Build configuration list for PBXProject "VoiceAnalyzer" */;
			compatibilityVersion = "Xcode 9.3";
			developmentRegion = en;
			hasScannedForEncodings = 0;
			knownRegions = (
				en,
				Base,
			);
			mainGroup = C881ABF0266BFF7C006F83D4;
			productRefGroup = C881ABFA266BFF7C006F83D4 /* Products */;
			projectDirPath = "";
			projectRoot = "";
			targets = (
				C881ABF8266BFF7C006F83D4 /* VoiceAnalyzer */,
			);
		};
/* End PBXProject section */

/* Begin PBXResourcesBuildPhase section */
		C881ABF7266BFF7C006F83D4 /* Resources */ = {
			isa = PBXResourcesBuildPhase;
			buildActionMask = 2147483647;
			files = (
				C881AC01266BFF7E006F83D4 /* Images.xcassets in Resources */,
			);
			runOnlyForDeploymentPostprocessing = 0;
		};
/* End PBXResourcesBuildPhase section */

/* Begin PBXShellScriptBuildPhase section */
		49B55EAF9458A01415F05C89 /* [CP] Embed Pods Frameworks */ = {
			isa = PBXShellScriptBuildPhase;
			buildActionMask = 2147483647;
			files = (
			);
			inputFileListPaths = (
				"${PODS_ROOT}/Target Support Files/Pods-VoiceAnalyzer/Pods-VoiceAnalyzer-frameworks-${CONFIGURATION}-input-files.xcfilelist",
			);
			name = "[CP] Embed Pods Frameworks";
			outputFileListPaths = (
				"${PODS_ROOT}/Target Support Files/Pods-VoiceAnalyzer/Pods-VoiceAnalyzer-frameworks-${CONFIGURATION}-output-files.xcfilelist",
			);
			runOnlyForDeploymentPostprocessing = 0;
			shellPath = /bin/sh;
			shellScript = "\"${PODS_ROOT}/Target Support Files/Pods-VoiceAnalyzer/Pods-VoiceAnalyzer-frameworks.sh\"\n";
			showEnvVarsInLog = 0;
		};
		D45CDEC581F24DA4E639400A /* [CP] Check Pods Manifest.lock */ = {
			isa = PBXShellScriptBuildPhase;
			buildActionMask = 2147483647;
			files = (
			);
			inputFileListPaths = (
			);
			inputPaths = (
				"${PODS_PODFILE_DIR_PATH}/Podfile.lock",
				"${PODS_ROOT}/Manifest.lock",
			);
			name = "[CP] Check Pods Manifest.lock";
			outputFileListPaths = (
			);
			outputPaths = (
				"$(DERIVED_FILE_DIR)/Pods-VoiceAnalyzer-checkManifestLockResult.txt",
			);
			runOnlyForDeploymentPostprocessing = 0;
			shellPath = /bin/sh;
			shellScript = "diff \"${PODS_PODFILE_DIR_PATH}/Podfile.lock\" \"${PODS_ROOT}/Manifest.lock\" > /dev/null\nif [ $? != 0 ] ; then\n    # print error to STDERR\n    echo \"error: The sandbox is not in sync with the Podfile.lock. Run 'pod install' or update your CocoaPods installation.\" >&2\n    exit 1\nfi\n# This output is used by Xcode 'outputs' to avoid re-running this script phase.\necho \"SUCCESS\" > \"${SCRIPT_OUTPUT_FILE_0}\"\n";
			showEnvVarsInLog = 0;
		};
/* End PBXShellScriptBuildPhase section */

/* Begin PBXSourcesBuildPhase section */
		C881ABF5266BFF7C006F83D4 /* Sources */ = {
			isa = PBXSourcesBuildPhase;
			buildActionMask = 2147483647;
			files = (
				C881ABFF266BFF7C006F83D4 /* ContentView.swift in Sources */,
				C881ABFD266BFF7C006F83D4 /* VoiceAnalyzerApp.swift in Sources */,
			);
			runOnlyForDeploymentPostprocessing = 0;
		};
/* End PBXSourcesBuildPhase section */

/* Begin XCBuildConfiguration section */
		C881AC1C266BFF7E006F83D4 /* Debug */ = {
			isa = XCBuildConfiguration;
			buildSettings = {
				ALWAYS_SEARCH_USER_PATHS = NO;
				CLANG_ANALYZER_LOCALIZABILITY_NONLOCALIZED = YES;
				CLANG_ANALYZER_NONNULL = YES;
				CLANG_ANALYZER_NUMBER_OBJECT_CONVERSION = YES_AGGRESSIVE;
				CLANG_CXX_LANGUAGE_STANDARD = "gnu++14";
				CLANG_CXX_LIBRARY = "libc++";
				CLANG_ENABLE_MODULES = YES;
				CLANG_ENABLE_OBJC_ARC = YES;
				CLANG_ENABLE_OBJC_WEAK = YES;
				CLANG_WARN_BLOCK_CAPTURE_AUTORELEASING = YES;
				CLANG_WARN_COMMA = YES;
				CLANG_WARN_CONSTANT_CONVERSION = YES;
				CLANG_WARN_DEPRECATED_OBJC_IMPLEMENTATIONS = YES;
				CLANG_WARN_DIRECT_OBJC_ISA_USAGE = YES_ERROR;
				CLANG_WARN_EMPTY_BODY = YES;
				CLANG_WARN_ENUM_CONVERSION = YES;
				CLANG_WARN_IMPLICIT_SIGN_CONVERSION = YES;
				CLANG_WARN_INFINITE_RECURSION = YES;
				CLANG_WARN_INT_CONVERSION = YES;
				CLANG_WARN_OBJC_IMPLICIT_RETAIN_SELF = YES;
				CLANG_WARN_OBJC_ROOT_CLASS = YES_ERROR;
				CLANG_WARN_RANGE_LOOP_ANALYSIS = YES;
				CLANG_WARN_SEMICOLON_BEFORE_METHOD_BODY = YES;
				CLANG_WARN_STRICT_PROTOTYPES = YES;
				CLANG_WARN_SUSPICIOUS_IMPLICIT_CONVERSION = YES;
				CLANG_WARN_SUSPICIOUS_MOVE = YES;
				CLANG_WARN_UNGUARDED_AVAILABILITY = YES_AGGRESSIVE;
				CLANG_WARN_UNREACHABLE_CODE = YES;
				CLANG_WARN__DUPLICATE_METHOD_MATCH = YES;
				COPY_PHASE_STRIP = NO;
				DEBUG_INFORMATION_FORMAT = dwarf;
				ENABLE_STRICT_OBJC_MSGSEND = YES;
				ENABLE_TESTABILITY = YES;
				EXCLUDED_ARCHS = armv7;
				GCC_C_LANGUAGE_STANDARD = gnu11;
				GCC_DYNAMIC_NO_PIC = NO;
				GCC_NO_COMMON_BLOCKS = YES;
				GCC_OPTIMIZATION_LEVEL = s;
				GCC_PREPROCESSOR_DEFINITIONS = (
					"DEBUG=1",
					"$(inherited)",
				);
				GCC_TREAT_IMPLICIT_FUNCTION_DECLARATIONS_AS_ERRORS = YES;
				GCC_TREAT_INCOMPATIBLE_POINTER_TYPE_WARNINGS_AS_ERRORS = YES;
				GCC_WARN_64_TO_32_BIT_CONVERSION = YES;
				GCC_WARN_ABOUT_MISSING_FIELD_INITIALIZERS = YES;
				GCC_WARN_ABOUT_MISSING_NEWLINE = YES;
				GCC_WARN_ABOUT_MISSING_PROTOTYPES = YES;
				GCC_WARN_ABOUT_RETURN_TYPE = YES_ERROR;
				GCC_WARN_FOUR_CHARACTER_CONSTANTS = YES;
				GCC_WARN_INITIALIZER_NOT_FULLY_BRACKETED = YES;
				GCC_WARN_SHADOW = YES;
				GCC_WARN_SIGN_COMPARE = YES;
				GCC_WARN_STRICT_SELECTOR_MATCH = YES;
				GCC_WARN_UNDECLARED_SELECTOR = YES;
				GCC_WARN_UNINITIALIZED_AUTOS = YES_AGGRESSIVE;
				GCC_WARN_UNKNOWN_PRAGMAS = YES;
				GCC_WARN_UNUSED_FUNCTION = YES;
				GCC_WARN_UNUSED_LABEL = YES;
				GCC_WARN_UNUSED_VARIABLE = YES;
				MTL_ENABLE_DEBUG_INFO = INCLUDE_SOURCE;
				MTL_FAST_MATH = YES;
				ONLY_ACTIVE_ARCH = YES;
				SDKROOT = iphoneos;
				SWIFT_ACTIVE_COMPILATION_CONDITIONS = DEBUG;
				SWIFT_OPTIMIZATION_LEVEL = "-O";
				SWIFT_VERSION = 5.0;
				VALIDATE_PRODUCT = YES;
			};
			name = Debug;
		};
		C881AC1D266BFF7E006F83D4 /* App Store Release */ = {
			isa = XCBuildConfiguration;
			buildSettings = {
				ALWAYS_SEARCH_USER_PATHS = NO;
				CLANG_ANALYZER_LOCALIZABILITY_NONLOCALIZED = YES;
				CLANG_ANALYZER_NONNULL = YES;
				CLANG_ANALYZER_NUMBER_OBJECT_CONVERSION = YES_AGGRESSIVE;
				CLANG_CXX_LANGUAGE_STANDARD = "gnu++14";
				CLANG_CXX_LIBRARY = "libc++";
				CLANG_ENABLE_MODULES = YES;
				CLANG_ENABLE_OBJC_ARC = YES;
				CLANG_ENABLE_OBJC_WEAK = YES;
				CLANG_WARN_BLOCK_CAPTURE_AUTORELEASING = YES;
				CLANG_WARN_COMMA = YES;
				CLANG_WARN_CONSTANT_CONVERSION = YES;
				CLANG_WARN_DEPRECATED_OBJC_IMPLEMENTATIONS = YES;
				CLANG_WARN_DIRECT_OBJC_ISA_USAGE = YES_ERROR;
				CLANG_WARN_EMPTY_BODY = YES;
				CLANG_WARN_ENUM_CONVERSION = YES;
				CLANG_WARN_IMPLICIT_SIGN_CONVERSION = YES;
				CLANG_WARN_INFINITE_RECURSION = YES;
				CLANG_WARN_INT_CONVERSION = YES;
				CLANG_WARN_OBJC_IMPLICIT_RETAIN_SELF = YES;
				CLANG_WARN_OBJC_ROOT_CLASS = YES_ERROR;
				CLANG_WARN_RANGE_LOOP_ANALYSIS = YES;
				CLANG_WARN_SEMICOLON_BEFORE_METHOD_BODY = YES;
				CLANG_WARN_STRICT_PROTOTYPES = YES;
				CLANG_WARN_SUSPICIOUS_IMPLICIT_CONVERSION = YES;
				CLANG_WARN_SUSPICIOUS_MOVE = YES;
				CLANG_WARN_UNGUARDED_AVAILABILITY = YES_AGGRESSIVE;
				CLANG_WARN_UNREACHABLE_CODE = YES;
				CLANG_WARN__DUPLICATE_METHOD_MATCH = YES;
				COPY_PHASE_STRIP = NO;
				DEBUG_INFORMATION_FORMAT = "dwarf-with-dsym";
				ENABLE_NS_ASSERTIONS = YES;
				ENABLE_STRICT_OBJC_MSGSEND = YES;
				EXCLUDED_ARCHS = armv7;
				GCC_C_LANGUAGE_STANDARD = gnu11;
				GCC_NO_COMMON_BLOCKS = YES;
				GCC_TREAT_IMPLICIT_FUNCTION_DECLARATIONS_AS_ERRORS = YES;
				GCC_TREAT_INCOMPATIBLE_POINTER_TYPE_WARNINGS_AS_ERRORS = YES;
				GCC_WARN_64_TO_32_BIT_CONVERSION = YES;
				GCC_WARN_ABOUT_MISSING_FIELD_INITIALIZERS = YES;
				GCC_WARN_ABOUT_MISSING_NEWLINE = YES;
				GCC_WARN_ABOUT_MISSING_PROTOTYPES = YES;
				GCC_WARN_ABOUT_RETURN_TYPE = YES_ERROR;
				GCC_WARN_FOUR_CHARACTER_CONSTANTS = YES;
				GCC_WARN_INITIALIZER_NOT_FULLY_BRACKETED = YES;
				GCC_WARN_SHADOW = YES;
				GCC_WARN_SIGN_COMPARE = YES;
				GCC_WARN_STRICT_SELECTOR_MATCH = YES;
				GCC_WARN_UNDECLARED_SELECTOR = YES;
				GCC_WARN_UNINITIALIZED_AUTOS = YES_AGGRESSIVE;
				GCC_WARN_UNKNOWN_PRAGMAS = YES;
				GCC_WARN_UNUSED_FUNCTION = YES;
				GCC_WARN_UNUSED_LABEL = YES;
				GCC_WARN_UNUSED_VARIABLE = YES;
				MTL_ENABLE_DEBUG_INFO = NO;
				MTL_FAST_MATH = YES;
				SDKROOT = iphoneos;
				SWIFT_COMPILATION_MODE = wholemodule;
				SWIFT_OPTIMIZATION_LEVEL = "-O";
				SWIFT_VERSION = 5.0;
				VALIDATE_PRODUCT = YES;
			};
			name = "App Store Release";
		};
		C881AC1F266BFF7E006F83D4 /* Debug */ = {
			isa = XCBuildConfiguration;
			baseConfigurationReference = 43B928FDA7E004FEDE0DF263 /* Pods-VoiceAnalyzer.debug.xcconfig */;
			buildSettings = {
				ASSETCATALOG_COMPILER_APPICON_NAME = AppIcon;
				ASSETCATALOG_COMPILER_GLOBAL_ACCENT_COLOR_NAME = "";
				CLANG_ADDRESS_SANITIZER_CONTAINER_OVERFLOW = YES;
				CLANG_ANALYZER_SECURITY_FLOATLOOPCOUNTER = YES;
				CLANG_ANALYZER_SECURITY_INSECUREAPI_RAND = YES;
				CLANG_ANALYZER_SECURITY_INSECUREAPI_STRCPY = YES;
				CLANG_UNDEFINED_BEHAVIOR_SANITIZER_INTEGER = YES;
				CLANG_UNDEFINED_BEHAVIOR_SANITIZER_NULLABILITY = YES;
				CODE_SIGN_STYLE = Automatic;
				CURRENT_PROJECT_VERSION = 1.0.0.1;
				DEVELOPMENT_TEAM = MNTZKMS8Z9;
				ENABLE_PREVIEWS = YES;
				GCC_OPTIMIZATION_LEVEL = 0;
				GCC_STRICT_ALIASING = NO;
				INFOPLIST_FILE = VoiceAnalyzer/Info.plist;
				IPHONEOS_DEPLOYMENT_TARGET = 14.1;
				LD_RUNPATH_SEARCH_PATHS = (
					"$(inherited)",
					"@executable_path/Frameworks",
				);
				MARKETING_VERSION = 1.0.0;
				PRODUCT_BUNDLE_IDENTIFIER = com.example.voiceanalyzer.VoiceAnalyzer;
				PRODUCT_NAME = "$(TARGET_NAME)";
				RUN_CLANG_STATIC_ANALYZER = YES;
				SWIFT_OPTIMIZATION_LEVEL = "-Onone";
				SWIFT_VERSION = 5.0;
				TARGETED_DEVICE_FAMILY = "1,2";
			};
			name = Debug;
		};
		C881AC20266BFF7E006F83D4 /* App Store Release */ = {
			isa = XCBuildConfiguration;
			baseConfigurationReference = 2DB5491B3C3C7451EB7AC00C /* Pods-VoiceAnalyzer.app store release.xcconfig */;
			buildSettings = {
				ASSETCATALOG_COMPILER_APPICON_NAME = AppIcon;
				ASSETCATALOG_COMPILER_GLOBAL_ACCENT_COLOR_NAME = "";
				CLANG_ANALYZER_SECURITY_FLOATLOOPCOUNTER = YES;
				CLANG_ANALYZER_SECURITY_INSECUREAPI_RAND = YES;
				CLANG_ANALYZER_SECURITY_INSECUREAPI_STRCPY = YES;
				CODE_SIGN_IDENTITY = "Apple Development";
				CODE_SIGN_STYLE = Automatic;
				CURRENT_PROJECT_VERSION = 1.0.0.1;
				DEVELOPMENT_TEAM = MNTZKMS8Z9;
				ENABLE_PREVIEWS = YES;
				GCC_OPTIMIZATION_LEVEL = 3;
				GCC_STRICT_ALIASING = NO;
				INFOPLIST_FILE = VoiceAnalyzer/Info.plist;
				IPHONEOS_DEPLOYMENT_TARGET = 14.1;
				LD_RUNPATH_SEARCH_PATHS = (
					"$(inherited)",
					"@executable_path/Frameworks",
				);
				MARKETING_VERSION = 1.0.0;
				PRODUCT_BUNDLE_IDENTIFIER = com.example.voiceanalyzer.VoiceAnalyzer;
				PRODUCT_NAME = "$(TARGET_NAME)";
				PROVISIONING_PROFILE_SPECIFIER = "";
				RUN_CLANG_STATIC_ANALYZER = YES;
				SWIFT_VERSION = 5.0;
				TARGETED_DEVICE_FAMILY = "1,2";
			};
			name = "App Store Release";
		};
/* End XCBuildConfiguration section */

/* Begin XCConfigurationList section */
		C881ABF4266BFF7C006F83D4 /* Build configuration list for PBXProject "VoiceAnalyzer" */ = {
			isa = XCConfigurationList;
			buildConfigurations = (
				C881AC1C266BFF7E006F83D4 /* Debug */,
				C881AC1D266BFF7E006F83D4 /* App Store Release */,
			);
			defaultConfigurationIsVisible = 0;
			defaultConfigurationName = "App Store Release";
		};
		C881AC1E266BFF7E006F83D4 /* Build configuration list for PBXNativeTarget "VoiceAnalyzer" */ = {
			isa = XCConfigurationList;
			buildConfigurations = (
				C881AC1F266BFF7E006F83D4 /* Debug */,
				C881AC20266BFF7E006F83D4 /* App Store Release */,
			);
			defaultConfigurationIsVisible = 0;
			defaultConfigurationName = "App Store Release";
		};
/* End XCConfigurationList section */
	};
	rootObject = C881ABF1266BFF7C006F83D4 /* Project object */;
}
